# Generated by buf. DO NOT EDIT.
version: v1
deps:
  - remote: buf.build
    owner: bufbuild
    repository: knit
    commit: 3dc602456973471584684e4878f99b10
    digest: shake256:5909694f816b2ebb5a502fadcb722a3cb73c217c4e118508c41219009b91d2b2b484fd6b5d9eb5b972f1fe9244ab24783a191d859390f9e6e36ee5a6c2479823
