# Generated by buf. DO NOT EDIT.
version: v1
deps:
  - remote: buf.build
    owner: bufbuild
    repository: knit
    commit: e5dd1e377e18403bafcffbb41a144ba3
    digest: shake256:31e1ba7980342b69cbc4e96141ba302cc12d337682d86232da03c8ef363a66dd3dbd9b2b108bacdec00548840c9dd5880374b3cb6bc4742a0501f172af1ae5ee
